{
  "name": "divadlo",
  "version": "1.0.0",
  "lockfileVersion": 1,
  "requires": true,
  "dependencies": {
    "@fortawesome/fontawesome-common-types": {
      "version": "0.2.28",
      "resolved": "https://registry.npmjs.org/@fortawesome/fontawesome-common-types/-/fontawesome-common-types-0.2.28.tgz",
      "integrity": "sha512-gtis2/5yLdfI6n0ia0jH7NJs5i/Z/8M/ZbQL6jXQhCthEOe5Cr5NcQPhgTvFxNOtURE03/ZqUcEskdn2M+QaBg=="
    },
    "@fortawesome/fontawesome-free": {
      "version": "5.13.0",
      "resolved": "https://registry.npmjs.org/@fortawesome/fontawesome-free/-/fontawesome-free-5.13.0.tgz",
      "integrity": "sha512-xKOeQEl5O47GPZYIMToj6uuA2syyFlq9EMSl2ui0uytjY9xbe8XS0pexNWmxrdcCyNGyDmLyYw5FtKsalBUeOg=="
    },
    "@fortawesome/free-solid-svg-icons": {
      "version": "5.13.0",
      "resolved": "https://registry.npmjs.org/@fortawesome/free-solid-svg-icons/-/free-solid-svg-icons-5.13.0.tgz",
      "integrity": "sha512-IHUgDJdomv6YtG4p3zl1B5wWf9ffinHIvebqQOmV3U+3SLw4fC+LUCCgwfETkbTtjy5/Qws2VoVf6z/ETQpFpg==",
      "requires": {
        "@fortawesome/fontawesome-common-types": "^0.2.28"
      }
    },
    "bootstrap": {
      "version": "4.4.1",
      "resolved": "https://registry.npmjs.org/bootstrap/-/bootstrap-4.4.1.tgz",
      "integrity": "sha512-tbx5cHubwE6e2ZG7nqM3g/FZ5PQEDMWmMGNrCUBVRPHXTJaH7CBDdsLeu3eCh3B1tzAxTnAbtmrzvWEvT2NNEA=="
    },
    "grunt-sass-tilde-importer": {
      "version": "1.0.2",
      "resolved": "https://registry.npmjs.org/grunt-sass-tilde-importer/-/grunt-sass-tilde-importer-1.0.2.tgz",
      "integrity": "sha1-hMEw6WqJDOLNq9lL59EwoQ7wxzM=",
      "dev": true
    },
    "jquery": {
      "version": "3.5.0",
      "resolved": "https://registry.npmjs.org/jquery/-/jquery-3.5.0.tgz",
      "integrity": "sha512-Xb7SVYMvygPxbFMpTFQiHh1J7HClEaThguL15N/Gg37Lri/qKyhRGZYzHRyLH8Stq3Aow0LsHO2O2ci86fCrNQ=="
    },
    "jquery-ui": {
      "version": "1.12.1",
      "resolved": "https://registry.npmjs.org/jquery-ui/-/jquery-ui-1.12.1.tgz",
      "integrity": "sha1-vLQEXI3QU5wTS8FIjN0+dop6nlE="
    },
    "jquery-ui.1.11.1": {
      "version": "1.11.1",
      "resolved": "https://registry.npmjs.org/jquery-ui.1.11.1/-/jquery-ui.1.11.1-1.11.1.tgz",
      "integrity": "sha1-TUZ3k06G8RV24MvRclPvNN3BTXg="
    },
    "moment": {
      "version": "2.24.0",
      "resolved": "https://registry.npmjs.org/moment/-/moment-2.24.0.tgz",
      "integrity": "sha512-bV7f+6l2QigeBBZSM/6yTNq4P2fNpSWj/0e7jQcy87A8e7o2nAfP/34/2ky5Vw4B9S446EtIhodAzkFCcR4dQg=="
    },
    "moment-timezone": {
      "version": "0.5.27",
      "resolved": "https://registry.npmjs.org/moment-timezone/-/moment-timezone-0.5.27.tgz",
      "integrity": "sha512-EIKQs7h5sAsjhPCqN6ggx6cEbs94GK050254TIJySD1bzoM5JTYDwAU1IoVOeTOL6Gm27kYJ51/uuvq1kIlrbw==",
      "requires": {
        "moment": ">= 2.9.0"
      }
    },
    "nette-forms": {
      "version": "3.0.4",
      "resolved": "https://registry.npmjs.org/nette-forms/-/nette-forms-3.0.4.tgz",
      "integrity": "sha512-Z9Ia5T38mXQ81gMku/h9O2v+ZzFt5RgdI4lXaCNWH/HxJZAsViQUyDoYTLMNhwYJ7vx6Yzl1HusmlMHoTIZG3w=="
    },
    "nette.ajax.js": {
      "version": "2.3.0",
      "resolved": "https://registry.npmjs.org/nette.ajax.js/-/nette.ajax.js-2.3.0.tgz",
      "integrity": "sha1-QmdSyyoAmIVw7XCqK9xY0HLMA1Q="
    },
    "owl.carousel": {
      "version": "2.3.4",
      "resolved": "https://registry.npmjs.org/owl.carousel/-/owl.carousel-2.3.4.tgz",
      "integrity": "sha512-JaDss9+feAvEW8KZppPSpllfposEzQiW+Ytt/Xm5t/3CTJ7YVmkh6RkWixoA2yXk2boIwedYxOvrrppIGzru9A==",
      "requires": {
        "jquery": ">=1.8.3"
      }
    },
    "popper.js": {
      "version": "1.16.1",
      "resolved": "https://registry.npmjs.org/popper.js/-/popper.js-1.16.1.tgz",
      "integrity": "sha512-Wb4p1J4zyFTbM+u6WuO4XstYx4Ky9Cewe4DWrel7B0w6VVICvPwdOpotjzcf6eD8TsckVnIMNONQyPIUFOUbCQ=="
    },
    "sweetalert2": {
      "version": "9.11.0",
      "resolved": "https://registry.npmjs.org/sweetalert2/-/sweetalert2-9.11.0.tgz",
      "integrity": "sha512-6Yyl/HVYtEYvEPPKqfEZlNHm3hng2Q/5deQ4YTd68wWS9C469AGj7u2Zrv4Q9ivG7/Ee8x7iSEHTIgtiBmmp0w=="
    },
    "tempusdominus-bootstrap-4": {
      "version": "5.1.2",
      "resolved": "https://registry.npmjs.org/tempusdominus-bootstrap-4/-/tempusdominus-bootstrap-4-5.1.2.tgz",
      "integrity": "sha512-ksD8qc4wOJeE19wvryXmEpRzMUSZu4wSOdG6zKSn8l4ccad16249KOX1j0CccyZpuuES/n4FLqLAUB+Dd1LTBA==",
      "requires": {
        "bootstrap": ">=4.1.2",
        "jquery": "^3.0",
        "moment": "^2.22.2",
        "moment-timezone": "^0.5.11",
        "popper.js": "^1.14.3"
      }
    }
  }
}
