# THIS IS AN AUTOGENERATED FILE. DO NOT EDIT THIS FILE DIRECTLY.
# yarn lockfile v1


"@fortawesome/fontawesome-common-types@^0.2.26":
  version "0.2.26"
  resolved "https://registry.yarnpkg.com/@fortawesome/fontawesome-common-types/-/fontawesome-common-types-0.2.26.tgz#6e0b13a752676036f8196f8a1500d53a27b4adc1"
  integrity sha512-CcM/fIFwZlRdiWG/25xE/wHbtyUuCtqoCTrr6BsWw7hH072fR++n4L56KPydAr3ANgMJMjT8v83ZFIsDc7kE+A==

"@fortawesome/fontawesome-free@^5.12.0":
  version "5.12.0"
  resolved "https://registry.yarnpkg.com/@fortawesome/fontawesome-free/-/fontawesome-free-5.12.0.tgz#8ceb9f09edfb85ea18a6c7bf098f6f5dd5ffd62b"
  integrity sha512-vKDJUuE2GAdBERaQWmmtsciAMzjwNrROXA5KTGSZvayAsmuTGjam5z6QNqNPCwDfVljLWuov1nEC3mEQf/n6fQ==

"@fortawesome/free-solid-svg-icons@^5.12.0":
  version "5.12.0"
  resolved "https://registry.yarnpkg.com/@fortawesome/free-solid-svg-icons/-/free-solid-svg-icons-5.12.0.tgz#8decac5844e60453cc0c7c51437d1461df053a35"
  integrity sha512-CnpsWs6GhTs9ekNB3d8rcO5HYqRkXbYKf2YNiAlTWbj5eVlPqsd/XH1F9If8jkcR1aegryAbln/qYeKVZzpM0g==
  dependencies:
    "@fortawesome/fontawesome-common-types" "^0.2.26"

bootstrap@>=4.1.2, bootstrap@^4.4.1:
  version "4.4.1"
  resolved "https://registry.yarnpkg.com/bootstrap/-/bootstrap-4.4.1.tgz#8582960eea0c5cd2bede84d8b0baf3789c3e8b01"
  integrity sha512-tbx5cHubwE6e2ZG7nqM3g/FZ5PQEDMWmMGNrCUBVRPHXTJaH7CBDdsLeu3eCh3B1tzAxTnAbtmrzvWEvT2NNEA==

grunt-sass-tilde-importer@^1.0.2:
  version "1.0.2"
  resolved "https://registry.yarnpkg.com/grunt-sass-tilde-importer/-/grunt-sass-tilde-importer-1.0.2.tgz#84c130e96a890ce2cdabd94be7d130a10ef0c733"
  integrity sha1-hMEw6WqJDOLNq9lL59EwoQ7wxzM=

jquery-ui.1.11.1@^1.11.1:
  version "1.11.1"
  resolved "https://registry.yarnpkg.com/jquery-ui.1.11.1/-/jquery-ui.1.11.1-1.11.1.tgz#4d4677934e86f11576e0cbd17253ef34ddc14d78"
  integrity sha1-TUZ3k06G8RV24MvRclPvNN3BTXg=

jquery-ui@^1.12.1:
  version "1.12.1"
  resolved "https://registry.yarnpkg.com/jquery-ui/-/jquery-ui-1.12.1.tgz#bcb4045c8dd0539c134bc1488cdd3e768a7a9e51"
  integrity sha1-vLQEXI3QU5wTS8FIjN0+dop6nlE=

jquery@>=1.8.3, jquery@^3.0, jquery@^3.4.1:
  version "3.4.1"
  resolved "https://registry.yarnpkg.com/jquery/-/jquery-3.4.1.tgz#714f1f8d9dde4bdfa55764ba37ef214630d80ef2"
  integrity sha512-36+AdBzCL+y6qjw5Tx7HgzeGCzC81MDDgaUP8ld2zhx58HdqXGoBd+tHdrBMiyjGQs0Hxs/MLZTu/eHNJJuWPw==

moment-timezone@^0.5.11, moment-timezone@^0.5.27:
  version "0.5.27"
  resolved "https://registry.yarnpkg.com/moment-timezone/-/moment-timezone-0.5.27.tgz#73adec8139b6fe30452e78f210f27b1f346b8877"
  integrity sha512-EIKQs7h5sAsjhPCqN6ggx6cEbs94GK050254TIJySD1bzoM5JTYDwAU1IoVOeTOL6Gm27kYJ51/uuvq1kIlrbw==
  dependencies:
    moment ">= 2.9.0"

"moment@>= 2.9.0", moment@^2.22.2, moment@^2.24.0:
  version "2.24.0"
  resolved "https://registry.yarnpkg.com/moment/-/moment-2.24.0.tgz#0d055d53f5052aa653c9f6eb68bb5d12bf5c2b5b"
  integrity sha512-bV7f+6l2QigeBBZSM/6yTNq4P2fNpSWj/0e7jQcy87A8e7o2nAfP/34/2ky5Vw4B9S446EtIhodAzkFCcR4dQg==

nette-forms@^3.0.3:
  version "3.0.3"
  resolved "https://registry.yarnpkg.com/nette-forms/-/nette-forms-3.0.3.tgz#e385089e27b5a10eaf567c9a0d11088f3db53947"
  integrity sha512-5qlJQpUAOgZw/cJS1DV4QxcK194HNPMLnsSExAZ30kRdk8eFlHFSEqYZkyuTwPY4dcG+rWq5AuiozxDhTCByyA==

nette.ajax.js@^2.3.0:
  version "2.3.0"
  resolved "https://registry.yarnpkg.com/nette.ajax.js/-/nette.ajax.js-2.3.0.tgz#426752cb2a00988570ed70aa2bdc58d072cc0354"
  integrity sha1-QmdSyyoAmIVw7XCqK9xY0HLMA1Q=

owl.carousel@^2.3.4:
  version "2.3.4"
  resolved "https://registry.yarnpkg.com/owl.carousel/-/owl.carousel-2.3.4.tgz#6c53dc8d24304b790e4f27a1dc4a655e973ccdc9"
  integrity sha512-JaDss9+feAvEW8KZppPSpllfposEzQiW+Ytt/Xm5t/3CTJ7YVmkh6RkWixoA2yXk2boIwedYxOvrrppIGzru9A==
  dependencies:
    jquery ">=1.8.3"

popper.js@^1.14.3:
  version "1.16.1"
  resolved "https://registry.yarnpkg.com/popper.js/-/popper.js-1.16.1.tgz#2a223cb3dc7b6213d740e40372be40de43e65b1b"
  integrity sha512-Wb4p1J4zyFTbM+u6WuO4XstYx4Ky9Cewe4DWrel7B0w6VVICvPwdOpotjzcf6eD8TsckVnIMNONQyPIUFOUbCQ==

sweetalert2@^9.10.12:
  version "9.10.12"
  resolved "https://registry.yarnpkg.com/sweetalert2/-/sweetalert2-9.10.12.tgz#e3752fcbe13e7d23d0f85ee84b3c5fdc923da552"
  integrity sha512-RnarmbDGTPmwecJbaVdq5LvlzbVReIOtPk0huPnXOE19G00xMxGcTY0wjt9AjwsexUnLivLXc3b6nD6+D6NlGg==

tempusdominus-bootstrap-4@^5.1.2:
  version "5.1.2"
  resolved "https://registry.yarnpkg.com/tempusdominus-bootstrap-4/-/tempusdominus-bootstrap-4-5.1.2.tgz#3c9906ca6e5d563faa0b81b2fdc6aa79cad9c0be"
  integrity sha512-ksD8qc4wOJeE19wvryXmEpRzMUSZu4wSOdG6zKSn8l4ccad16249KOX1j0CccyZpuuES/n4FLqLAUB+Dd1LTBA==
  dependencies:
    bootstrap ">=4.1.2"
    jquery "^3.0"
    moment "^2.22.2"
    moment-timezone "^0.5.11"
    popper.js "^1.14.3"
