# THIS IS AN AUTOGENERATED FILE. DO NOT EDIT THIS FILE DIRECTLY.
# yarn lockfile v1


"@fortawesome/fontawesome-common-types@^0.2.28":
  version "0.2.28"
  resolved "https://registry.yarnpkg.com/@fortawesome/fontawesome-common-types/-/fontawesome-common-types-0.2.28.tgz#1091bdfe63b3f139441e9cba27aa022bff97d8b2"
  integrity sha512-gtis2/5yLdfI6n0ia0jH7NJs5i/Z/8M/ZbQL6jXQhCthEOe5Cr5NcQPhgTvFxNOtURE03/ZqUcEskdn2M+QaBg==

"@fortawesome/fontawesome-free@^5.12.0":
  version "5.13.0"
  resolved "https://registry.yarnpkg.com/@fortawesome/fontawesome-free/-/fontawesome-free-5.13.0.tgz#fcb113d1aca4b471b709e8c9c168674fbd6e06d9"
  integrity sha512-xKOeQEl5O47GPZYIMToj6uuA2syyFlq9EMSl2ui0uytjY9xbe8XS0pexNWmxrdcCyNGyDmLyYw5FtKsalBUeOg==

"@fortawesome/free-solid-svg-icons@^5.12.0":
  version "5.13.0"
  resolved "https://registry.yarnpkg.com/@fortawesome/free-solid-svg-icons/-/free-solid-svg-icons-5.13.0.tgz#44d9118668ad96b4fd5c9434a43efc5903525739"
  integrity sha512-IHUgDJdomv6YtG4p3zl1B5wWf9ffinHIvebqQOmV3U+3SLw4fC+LUCCgwfETkbTtjy5/Qws2VoVf6z/ETQpFpg==
  dependencies:
    "@fortawesome/fontawesome-common-types" "^0.2.28"

bootstrap@>=4.1.2, bootstrap@^4.4.1:
  version "4.5.0"
  resolved "https://registry.yarnpkg.com/bootstrap/-/bootstrap-4.5.0.tgz#97d9dbcb5a8972f8722c9962483543b907d9b9ec"
  integrity sha512-Z93QoXvodoVslA+PWNdk23Hze4RBYIkpb5h8I2HY2Tu2h7A0LpAgLcyrhrSUyo2/Oxm2l1fRZPs1e5hnxnliXA==

grunt-sass-tilde-importer@^1.0.2:
  version "1.0.2"
  resolved "https://registry.yarnpkg.com/grunt-sass-tilde-importer/-/grunt-sass-tilde-importer-1.0.2.tgz#84c130e96a890ce2cdabd94be7d130a10ef0c733"
  integrity sha1-hMEw6WqJDOLNq9lL59EwoQ7wxzM=

jquery-ui.1.11.1@^1.11.1:
  version "1.11.1"
  resolved "https://registry.yarnpkg.com/jquery-ui.1.11.1/-/jquery-ui.1.11.1-1.11.1.tgz#4d4677934e86f11576e0cbd17253ef34ddc14d78"
  integrity sha1-TUZ3k06G8RV24MvRclPvNN3BTXg=

jquery-ui@^1.13.2:
  version "1.13.2"
  resolved "https://registry.yarnpkg.com/jquery-ui/-/jquery-ui-1.13.2.tgz#de03580ae6604773602f8d786ad1abfb75232034"
  integrity sha512-wBZPnqWs5GaYJmo1Jj0k/mrSkzdQzKDwhXNtHKcBdAcKVxMM3KNYFq+iJ2i1rwiG53Z8M4mTn3Qxrm17uH1D4Q==
  dependencies:
    jquery ">=1.8.0 <4.0.0"

"jquery@>=1.8.0 <4.0.0", jquery@>=1.8.3, jquery@^3.0, jquery@^3.5.0:
  version "3.6.0"
  resolved "https://registry.yarnpkg.com/jquery/-/jquery-3.6.0.tgz#c72a09f15c1bdce142f49dbf1170bdf8adac2470"
  integrity sha512-JVzAR/AjBvVt2BmYhxRCSYysDsPcssdmTFnzyLEts9qNwmjmu4JTAMYubEfwVOSwpQ1I1sKKFcxhZCI2buerfw==

moment-timezone@^0.5.11, moment-timezone@^0.5.27:
  version "0.5.31"
  resolved "https://registry.yarnpkg.com/moment-timezone/-/moment-timezone-0.5.31.tgz#9c40d8c5026f0c7ab46eda3d63e49c155148de05"
  integrity sha512-+GgHNg8xRhMXfEbv81iDtrVeTcWt0kWmTEY1XQK14dICTXnWJnT0dxdlPspwqF3keKMVPXwayEsk1DI0AA/jdA==
  dependencies:
    moment ">= 2.9.0"

"moment@>= 2.9.0", moment@^2.22.2, moment@^2.24.0:
  version "2.25.3"
  resolved "https://registry.yarnpkg.com/moment/-/moment-2.25.3.tgz#252ff41319cf41e47761a1a88cab30edfe9808c0"
  integrity sha512-PuYv0PHxZvzc15Sp8ybUCoQ+xpyPWvjOuK72a5ovzp2LI32rJXOiIfyoFoYvG3s6EwwrdkMyWuRiEHSZRLJNdg==

nette-forms@^3.0.3:
  version "3.0.4"
  resolved "https://registry.yarnpkg.com/nette-forms/-/nette-forms-3.0.4.tgz#269045264c2485ca66819ea8d24d5ed6abce2668"
  integrity sha512-Z9Ia5T38mXQ81gMku/h9O2v+ZzFt5RgdI4lXaCNWH/HxJZAsViQUyDoYTLMNhwYJ7vx6Yzl1HusmlMHoTIZG3w==

nette.ajax.js@^2.3.0:
  version "2.3.0"
  resolved "https://registry.yarnpkg.com/nette.ajax.js/-/nette.ajax.js-2.3.0.tgz#426752cb2a00988570ed70aa2bdc58d072cc0354"
  integrity sha1-QmdSyyoAmIVw7XCqK9xY0HLMA1Q=

owl.carousel@^2.3.4:
  version "2.3.4"
  resolved "https://registry.yarnpkg.com/owl.carousel/-/owl.carousel-2.3.4.tgz#6c53dc8d24304b790e4f27a1dc4a655e973ccdc9"
  integrity sha512-JaDss9+feAvEW8KZppPSpllfposEzQiW+Ytt/Xm5t/3CTJ7YVmkh6RkWixoA2yXk2boIwedYxOvrrppIGzru9A==
  dependencies:
    jquery ">=1.8.3"

popper.js@^1.14.3:
  version "1.16.1"
  resolved "https://registry.yarnpkg.com/popper.js/-/popper.js-1.16.1.tgz#2a223cb3dc7b6213d740e40372be40de43e65b1b"
  integrity sha512-Wb4p1J4zyFTbM+u6WuO4XstYx4Ky9Cewe4DWrel7B0w6VVICvPwdOpotjzcf6eD8TsckVnIMNONQyPIUFOUbCQ==

sweetalert2@^9.10.12:
  version "9.11.0"
  resolved "https://registry.yarnpkg.com/sweetalert2/-/sweetalert2-9.11.0.tgz#bebb08dd784550df44ad83d973f51afd80156711"
  integrity sha512-6Yyl/HVYtEYvEPPKqfEZlNHm3hng2Q/5deQ4YTd68wWS9C469AGj7u2Zrv4Q9ivG7/Ee8x7iSEHTIgtiBmmp0w==

tempusdominus-bootstrap-4@^5.1.2:
  version "5.1.2"
  resolved "https://registry.yarnpkg.com/tempusdominus-bootstrap-4/-/tempusdominus-bootstrap-4-5.1.2.tgz#3c9906ca6e5d563faa0b81b2fdc6aa79cad9c0be"
  integrity sha512-ksD8qc4wOJeE19wvryXmEpRzMUSZu4wSOdG6zKSn8l4ccad16249KOX1j0CccyZpuuES/n4FLqLAUB+Dd1LTBA==
  dependencies:
    bootstrap ">=4.1.2"
    jquery "^3.0"
    moment "^2.22.2"
    moment-timezone "^0.5.11"
    popper.js "^1.14.3"
